
Microsoft Visual Studio Solution File, Format Version 12.00
# Visual Studio 15
VisualStudioVersion = 15.0.28307.539
MinimumVisualStudioVersion = 10.0.40219.1
Project("{FAE04EC0-301F-11D3-BF4B-00C04F79EFBC}") = "MVC", "MVC\MVC.csproj", "{696C5E0D-8C63-4B0F-9CC4-9E24D1F10926}"
EndProject
Global
	GlobalSection(SolutionConfigurationPlatforms) = preSolution
		Debug|Any CPU = Debug|Any CPU
		Release|Any CPU = Release|Any CPU
	EndGlobalSection
	GlobalSection(ProjectConfigurationPlatforms) = postSolution
		{696C5E0D-8C63-4B0F-9CC4-9E24D1F10926}.Debug|Any CPU.ActiveCfg = Debug|Any CPU
		{696C5E0D-8C63-4B0F-9CC4-9E24D1F10926}.Debug|Any CPU.Build.0 = Debug|Any CPU
		{696C5E0D-8C63-4B0F-9CC4-9E24D1F10926}.Release|Any CPU.ActiveCfg = Release|Any CPU
		{696C5E0D-8C63-4B0F-9CC4-9E24D1F10926}.Release|Any CPU.Build.0 = Release|Any CPU
	EndGlobalSection
	GlobalSection(SolutionProperties) = preSolution
		HideSolutionNode = FALSE
	EndGlobalSection
	GlobalSection(ExtensibilityGlobals) = postSolution
		SolutionGuid = {5E52408E-FEE3-476A-AD68-D15131DAE6A8}
	EndGlobalSection
EndGlobal
